
Microsoft Visual Studio Solution File, Format Version 12.00
# Visual Studio Version 16
VisualStudioVersion = 16.0.31019.35
MinimumVisualStudioVersion = 10.0.40219.1
Project("{FAE04EC0-301F-11D3-BF4B-00C04F79EFBC}") = "Tropegenbase", "Tropegenbase\Tropegenbase.csproj", "{4CFFDD70-F9E9-4FF1-9957-066581FEEA61}"
EndProject
Project("{FAE04EC0-301F-11D3-BF4B-00C04F79EFBC}") = "Tropegen", "Tropegen\Tropegen.csproj", "{EEF15492-DA5C-4B3D-91C4-13CCE77BDBBB}"
	ProjectSection(ProjectDependencies) = postProject
		{4CFFDD70-F9E9-4FF1-9957-066581FEEA61} = {4CFFDD70-F9E9-4FF1-9957-066581FEEA61}
	EndProjectSection
EndProject
Global
	GlobalSection(SolutionConfigurationPlatforms) = preSolution
		Debug|Any CPU = Debug|Any CPU
		Release|Any CPU = Release|Any CPU
	EndGlobalSection
	GlobalSection(ProjectConfigurationPlatforms) = postSolution
		{4CFFDD70-F9E9-4FF1-9957-066581FEEA61}.Debug|Any CPU.ActiveCfg = Debug|Any CPU
		{4CFFDD70-F9E9-4FF1-9957-066581FEEA61}.Debug|Any CPU.Build.0 = Debug|Any CPU
		{4CFFDD70-F9E9-4FF1-9957-066581FEEA61}.Release|Any CPU.ActiveCfg = Release|Any CPU
		{4CFFDD70-F9E9-4FF1-9957-066581FEEA61}.Release|Any CPU.Build.0 = Release|Any CPU
		{EEF15492-DA5C-4B3D-91C4-13CCE77BDBBB}.Debug|Any CPU.ActiveCfg = Debug|Any CPU
		{EEF15492-DA5C-4B3D-91C4-13CCE77BDBBB}.Debug|Any CPU.Build.0 = Debug|Any CPU
		{EEF15492-DA5C-4B3D-91C4-13CCE77BDBBB}.Release|Any CPU.ActiveCfg = Release|Any CPU
		{EEF15492-DA5C-4B3D-91C4-13CCE77BDBBB}.Release|Any CPU.Build.0 = Release|Any CPU
	EndGlobalSection
	GlobalSection(SolutionProperties) = preSolution
		HideSolutionNode = FALSE
	EndGlobalSection
	GlobalSection(ExtensibilityGlobals) = postSolution
		SolutionGuid = {5E25786A-2F81-4040-B1C4-8D72CFA2D08E}
	EndGlobalSection
EndGlobal
